// !$*UTF8*$!
{
	archiveVersion = 1;
	classes = {
	};
	objectVersion = 46;
	objects = {

/* Begin PBXBuildFile section */
		4B656C201B526D8B0064C990 /* main.m in Sources */ = {isa = PBXBuildFile; fileRef = 4B656C1F1B526D8B0064C990 /* main.m */; };
		4B656C231B526D8B0064C990 /* AppDelegate.m in Sources */ = {isa = PBXBuildFile; fileRef = 4B656C221B526D8B0064C990 /* AppDelegate.m */; };
		4B656C261B526D8B0064C990 /* MasterViewController.m in Sources */ = {isa = PBXBuildFile; fileRef = 4B656C251B526D8B0064C990 /* MasterViewController.m */; };
		4B656C291B526D8B0064C990 /* DetailViewController.m in Sources */ = {isa = PBXBuildFile; fileRef = 4B656C281B526D8B0064C990 /* DetailViewController.m */; };
		4B656C2E1B526D8B0064C990 /* Images.xcassets in Resources */ = {isa = PBXBuildFile; fileRef = 4B656C2D1B526D8B0064C990 /* Images.xcassets */; };
		4B656C311B526D8B0064C990 /* LaunchScreen.xib in Resources */ = {isa = PBXBuildFile; fileRef = 4B656C2F1B526D8B0064C990 /* LaunchScreen.xib */; };
		4B656C3D1B526D8B0064C990 /* BubbleTransitionTests.m in Sources */ = {isa = PBXBuildFile; fileRef = 4B656C3C1B526D8B0064C990 /* BubbleTransitionTests.m */; };
		4B656C4B1B526E510064C990 /* HJBubbleTransition.m in Sources */ = {isa = PBXBuildFile; fileRef = 4B656C491B526E510064C990 /* HJBubbleTransition.m */; };
/* End PBXBuildFile section */

/* Begin PBXContainerItemProxy section */
		4B656C371B526D8B0064C990 /* PBXContainerItemProxy */ = {
			isa = PBXContainerItemProxy;
			containerPortal = 4B656C121B526D8B0064C990 /* Project object */;
			proxyType = 1;
			remoteGlobalIDString = 4B656C191B526D8B0064C990;
			remoteInfo = BubbleTransition;
		};
/* End PBXContainerItemProxy section */

/* Begin PBXFileReference section */
		4B656C1A1B526D8B0064C990 /* BubbleTransition.app */ = {isa = PBXFileReference; explicitFileType = wrapper.application; includeInIndex = 0; path = BubbleTransition.app; sourceTree = BUILT_PRODUCTS_DIR; };
		4B656C1E1B526D8B0064C990 /* Info.plist */ = {isa = PBXFileReference; lastKnownFileType = text.plist.xml; path = Info.plist; sourceTree = "<group>"; };
		4B656C1F1B526D8B0064C990 /* main.m */ = {isa = PBXFileReference; lastKnownFileType = sourcecode.c.objc; path = main.m; sourceTree = "<group>"; };
		4B656C211B526D8B0064C990 /* AppDelegate.h */ = {isa = PBXFileReference; lastKnownFileType = sourcecode.c.h; path = AppDelegate.h; sourceTree = "<group>"; };
		4B656C221B526D8B0064C990 /* AppDelegate.m */ = {isa = PBXFileReference; lastKnownFileType = sourcecode.c.objc; path = AppDelegate.m; sourceTree = "<group>"; };
		4B656C241B526D8B0064C990 /* MasterViewController.h */ = {isa = PBXFileReference; lastKnownFileType = sourcecode.c.h; path = MasterViewController.h; sourceTree = "<group>"; };
		4B656C251B526D8B0064C990 /* MasterViewController.m */ = {isa = PBXFileReference; lastKnownFileType = sourcecode.c.objc; path = MasterViewController.m; sourceTree = "<group>"; };
		4B656C271B526D8B0064C990 /* DetailViewController.h */ = {isa = PBXFileReference; lastKnownFileType = sourcecode.c.h; path = DetailViewController.h; sourceTree = "<group>"; };
		4B656C281B526D8B0064C990 /* DetailViewController.m */ = {isa = PBXFileReference; lastKnownFileType = sourcecode.c.objc; path = DetailViewController.m; sourceTree = "<group>"; };
		4B656C2D1B526D8B0064C990 /* Images.xcassets */ = {isa = PBXFileReference; lastKnownFileType = folder.assetcatalog; path = Images.xcassets; sourceTree = "<group>"; };
		4B656C301B526D8B0064C990 /* Base */ = {isa = PBXFileReference; lastKnownFileType = file.xib; name = Base; path = Base.lproj/LaunchScreen.xib; sourceTree = "<group>"; };
		4B656C361B526D8B0064C990 /* BubbleTransitionTests.xctest */ = {isa = PBXFileReference; explicitFileType = wrapper.cfbundle; includeInIndex = 0; path = BubbleTransitionTests.xctest; sourceTree = BUILT_PRODUCTS_DIR; };
		4B656C3B1B526D8B0064C990 /* Info.plist */ = {isa = PBXFileReference; lastKnownFileType = text.plist.xml; path = Info.plist; sourceTree = "<group>"; };
		4B656C3C1B526D8B0064C990 /* BubbleTransitionTests.m */ = {isa = PBXFileReference; lastKnownFileType = sourcecode.c.objc; path = BubbleTransitionTests.m; sourceTree = "<group>"; };
		4B656C481B526E510064C990 /* HJBubbleTransition.h */ = {isa = PBXFileReference; fileEncoding = 4; lastKnownFileType = sourcecode.c.h; path = HJBubbleTransition.h; sourceTree = "<group>"; };
		4B656C491B526E510064C990 /* HJBubbleTransition.m */ = {isa = PBXFileReference; fileEncoding = 4; lastKnownFileType = sourcecode.c.objc; path = HJBubbleTransition.m; sourceTree = "<group>"; };
/* End PBXFileReference section */

/* Begin PBXFrameworksBuildPhase section */
		4B656C171B526D8B0064C990 /* Frameworks */ = {
			isa = PBXFrameworksBuildPhase;
			buildActionMask = 2147483647;
			files = (
			);
			runOnlyForDeploymentPostprocessing = 0;
		};
		4B656C331B526D8B0064C990 /* Frameworks */ = {
			isa = PBXFrameworksBuildPhase;
			buildActionMask = 2147483647;
			files = (
			);
			runOnlyForDeploymentPostprocessing = 0;
		};
/* End PBXFrameworksBuildPhase section */

/* Begin PBXGroup section */
		4B656C111B526D8B0064C990 = {
			isa = PBXGroup;
			children = (
				4B656C1C1B526D8B0064C990 /* BubbleTransition */,
				4B656C391B526D8B0064C990 /* BubbleTransitionTests */,
				4B656C1B1B526D8B0064C990 /* Products */,
			);
			sourceTree = "<group>";
		};
		4B656C1B1B526D8B0064C990 /* Products */ = {
			isa = PBXGroup;
			children = (
				4B656C1A1B526D8B0064C990 /* BubbleTransition.app */,
				4B656C361B526D8B0064C990 /* BubbleTransitionTests.xctest */,
			);
			name = Products;
			sourceTree = "<group>";
		};
		4B656C1C1B526D8B0064C990 /* BubbleTransition */ = {
			isa = PBXGroup;
			children = (
				4B656C211B526D8B0064C990 /* AppDelegate.h */,
				4B656C221B526D8B0064C990 /* AppDelegate.m */,
				4B656C241B526D8B0064C990 /* MasterViewController.h */,
				4B656C251B526D8B0064C990 /* MasterViewController.m */,
				4B656C271B526D8B0064C990 /* DetailViewController.h */,
				4B656C281B526D8B0064C990 /* DetailViewController.m */,
				4B656C481B526E510064C990 /* HJBubbleTransition.h */,
				4B656C491B526E510064C990 /* HJBubbleTransition.m */,
				4B656C2D1B526D8B0064C990 /* Images.xcassets */,
				4B656C2F1B526D8B0064C990 /* LaunchScreen.xib */,
				4B656C1D1B526D8B0064C990 /* Supporting Files */,
			);
			path = BubbleTransition;
			sourceTree = "<group>";
		};
		4B656C1D1B526D8B0064C990 /* Supporting Files */ = {
			isa = PBXGroup;
			children = (
				4B656C1E1B526D8B0064C990 /* Info.plist */,
				4B656C1F1B526D8B0064C990 /* main.m */,
			);
			name = "Supporting Files";
			sourceTree = "<group>";
		};
		4B656C391B526D8B0064C990 /* BubbleTransitionTests */ = {
			isa = PBXGroup;
			children = (
				4B656C3C1B526D8B0064C990 /* BubbleTransitionTests.m */,
				4B656C3A1B526D8B0064C990 /* Supporting Files */,
			);
			path = BubbleTransitionTests;
			sourceTree = "<group>";
		};
		4B656C3A1B526D8B0064C990 /* Supporting Files */ = {
			isa = PBXGroup;
			children = (
				4B656C3B1B526D8B0064C990 /* Info.plist */,
			);
			name = "Supporting Files";
			sourceTree = "<group>";
		};
/* End PBXGroup section */

/* Begin PBXNativeTarget section */
		4B656C191B526D8B0064C990 /* BubbleTransition */ = {
			isa = PBXNativeTarget;
			buildConfigurationList = 4B656C401B526D8B0064C990 /* Build configuration list for PBXNativeTarget "BubbleTransition" */;
			buildPhases = (
				4B656C161B526D8B0064C990 /* Sources */,
				4B656C171B526D8B0064C990 /* Frameworks */,
				4B656C181B526D8B0064C990 /* Resources */,
			);
			buildRules = (
			);
			dependencies = (
			);
			name = BubbleTransition;
			productName = BubbleTransition;
			productReference = 4B656C1A1B526D8B0064C990 /* BubbleTransition.app */;
			productType = "com.apple.product-type.application";
		};
		4B656C351B526D8B0064C990 /* BubbleTransitionTests */ = {
			isa = PBXNativeTarget;
			buildConfigurationList = 4B656C431B526D8B0064C990 /* Build configuration list for PBXNativeTarget "BubbleTransitionTests" */;
			buildPhases = (
				4B656C321B526D8B0064C990 /* Sources */,
				4B656C331B526D8B0064C990 /* Frameworks */,
				4B656C341B526D8B0064C990 /* Resources */,
			);
			buildRules = (
			);
			dependencies = (
				4B656C381B526D8B0064C990 /* PBXTargetDependency */,
			);
			name = BubbleTransitionTests;
			productName = BubbleTransitionTests;
			productReference = 4B656C361B526D8B0064C990 /* BubbleTransitionTests.xctest */;
			productType = "com.apple.product-type.bundle.unit-test";
		};
/* End PBXNativeTarget section */

/* Begin PBXProject section */
		4B656C121B526D8B0064C990 /* Project object */ = {
			isa = PBXProject;
			attributes = {
				LastUpgradeCheck = 0640;
				ORGANIZATIONNAME = weixiaoyun;
				TargetAttributes = {
					4B656C191B526D8B0064C990 = {
						CreatedOnToolsVersion = 6.4;
					};
					4B656C351B526D8B0064C990 = {
						CreatedOnToolsVersion = 6.4;
						TestTargetID = 4B656C191B526D8B0064C990;
					};
				};
			};
			buildConfigurationList = 4B656C151B526D8B0064C990 /* Build configuration list for PBXProject "BubbleTransition" */;
			compatibilityVersion = "Xcode 3.2";
			developmentRegion = English;
			hasScannedForEncodings = 0;
			knownRegions = (
				en,
				Base,
			);
			mainGroup = 4B656C111B526D8B0064C990;
			productRefGroup = 4B656C1B1B526D8B0064C990 /* Products */;
			projectDirPath = "";
			projectRoot = "";
			targets = (
				4B656C191B526D8B0064C990 /* BubbleTransition */,
				4B656C351B526D8B0064C990 /* BubbleTransitionTests */,
			);
		};
/* End PBXProject section */

/* Begin PBXResourcesBuildPhase section */
		4B656C181B526D8B0064C990 /* Resources */ = {
			isa = PBXResourcesBuildPhase;
			buildActionMask = 2147483647;
			files = (
				4B656C311B526D8B0064C990 /* LaunchScreen.xib in Resources */,
				4B656C2E1B526D8B0064C990 /* Images.xcassets in Resources */,
			);
			runOnlyForDeploymentPostprocessing = 0;
		};
		4B656C341B526D8B0064C990 /* Resources */ = {
			isa = PBXResourcesBuildPhase;
			buildActionMask = 2147483647;
			files = (
			);
			runOnlyForDeploymentPostprocessing = 0;
		};
/* End PBXResourcesBuildPhase section */

/* Begin PBXSourcesBuildPhase section */
		4B656C161B526D8B0064C990 /* Sources */ = {
			isa = PBXSourcesBuildPhase;
			buildActionMask = 2147483647;
			files = (
				4B656C231B526D8B0064C990 /* AppDelegate.m in Sources */,
				4B656C4B1B526E510064C990 /* HJBubbleTransition.m in Sources */,
				4B656C261B526D8B0064C990 /* MasterViewController.m in Sources */,
				4B656C201B526D8B0064C990 /* main.m in Sources */,
				4B656C291B526D8B0064C990 /* DetailViewController.m in Sources */,
			);
			runOnlyForDeploymentPostprocessing = 0;
		};
		4B656C321B526D8B0064C990 /* Sources */ = {
			isa = PBXSourcesBuildPhase;
			buildActionMask = 2147483647;
			files = (
				4B656C3D1B526D8B0064C990 /* BubbleTransitionTests.m in Sources */,
			);
			runOnlyForDeploymentPostprocessing = 0;
		};
/* End PBXSourcesBuildPhase section */

/* Begin PBXTargetDependency section */
		4B656C381B526D8B0064C990 /* PBXTargetDependency */ = {
			isa = PBXTargetDependency;
			target = 4B656C191B526D8B0064C990 /* BubbleTransition */;
			targetProxy = 4B656C371B526D8B0064C990 /* PBXContainerItemProxy */;
		};
/* End PBXTargetDependency section */

/* Begin PBXVariantGroup section */
		4B656C2F1B526D8B0064C990 /* LaunchScreen.xib */ = {
			isa = PBXVariantGroup;
			children = (
				4B656C301B526D8B0064C990 /* Base */,
			);
			name = LaunchScreen.xib;
			sourceTree = "<group>";
		};
/* End PBXVariantGroup section */

/* Begin XCBuildConfiguration section */
		4B656C3E1B526D8B0064C990 /* Debug */ = {
			isa = XCBuildConfiguration;
			buildSettings = {
				ALWAYS_SEARCH_USER_PATHS = NO;
				CLANG_CXX_LANGUAGE_STANDARD = "gnu++0x";
				CLANG_CXX_LIBRARY = "libc++";
				CLANG_ENABLE_MODULES = YES;
				CLANG_ENABLE_OBJC_ARC = YES;
				CLANG_WARN_BOOL_CONVERSION = YES;
				CLANG_WARN_CONSTANT_CONVERSION = YES;
				CLANG_WARN_DIRECT_OBJC_ISA_USAGE = YES_ERROR;
				CLANG_WARN_EMPTY_BODY = YES;
				CLANG_WARN_ENUM_CONVERSION = YES;
				CLANG_WARN_INT_CONVERSION = YES;
				CLANG_WARN_OBJC_ROOT_CLASS = YES_ERROR;
				CLANG_WARN_UNREACHABLE_CODE = YES;
				CLANG_WARN__DUPLICATE_METHOD_MATCH = YES;
				"CODE_SIGN_IDENTITY[sdk=iphoneos*]" = "iPhone Developer";
				COPY_PHASE_STRIP = NO;
				DEBUG_INFORMATION_FORMAT = "dwarf-with-dsym";
				ENABLE_STRICT_OBJC_MSGSEND = YES;
				GCC_C_LANGUAGE_STANDARD = gnu99;
				GCC_DYNAMIC_NO_PIC = NO;
				GCC_NO_COMMON_BLOCKS = YES;
				GCC_OPTIMIZATION_LEVEL = 0;
				GCC_PREPROCESSOR_DEFINITIONS = (
					"DEBUG=1",
					"$(inherited)",
				);
				GCC_SYMBOLS_PRIVATE_EXTERN = NO;
				GCC_WARN_64_TO_32_BIT_CONVERSION = YES;
				GCC_WARN_ABOUT_RETURN_TYPE = YES_ERROR;
				GCC_WARN_UNDECLARED_SELECTOR = YES;
				GCC_WARN_UNINITIALIZED_AUTOS = YES_AGGRESSIVE;
				GCC_WARN_UNUSED_FUNCTION = YES;
				GCC_WARN_UNUSED_VARIABLE = YES;
				IPHONEOS_DEPLOYMENT_TARGET = 8.4;
				MTL_ENABLE_DEBUG_INFO = YES;
				ONLY_ACTIVE_ARCH = YES;
				SDKROOT = iphoneos;
			};
			name = Debug;
		};
		4B656C3F1B526D8B0064C990 /* Release */ = {
			isa = XCBuildConfiguration;
			buildSettings = {
				ALWAYS_SEARCH_USER_PATHS = NO;
				CLANG_CXX_LANGUAGE_STANDARD = "gnu++0x";
				CLANG_CXX_LIBRARY = "libc++";
				CLANG_ENABLE_MODULES = YES;
				CLANG_ENABLE_OBJC_ARC = YES;
				CLANG_WARN_BOOL_CONVERSION = YES;
				CLANG_WARN_CONSTANT_CONVERSION = YES;
				CLANG_WARN_DIRECT_OBJC_ISA_USAGE = YES_ERROR;
				CLANG_WARN_EMPTY_BODY = YES;
				CLANG_WARN_ENUM_CONVERSION = YES;
				CLANG_WARN_INT_CONVERSION = YES;
				CLANG_WARN_OBJC_ROOT_CLASS = YES_ERROR;
				CLANG_WARN_UNREACHABLE_CODE = YES;
				CLANG_WARN__DUPLICATE_METHOD_MATCH = YES;
				"CODE_SIGN_IDENTITY[sdk=iphoneos*]" = "iPhone Developer";
				COPY_PHASE_STRIP = NO;
				DEBUG_INFORMATION_FORMAT = "dwarf-with-dsym";
				ENABLE_NS_ASSERTIONS = NO;
				ENABLE_STRICT_OBJC_MSGSEND = YES;
				GCC_C_LANGUAGE_STANDARD = gnu99;
				GCC_NO_COMMON_BLOCKS = YES;
				GCC_WARN_64_TO_32_BIT_CONVERSION = YES;
				GCC_WARN_ABOUT_RETURN_TYPE = YES_ERROR;
				GCC_WARN_UNDECLARED_SELECTOR = YES;
				GCC_WARN_UNINITIALIZED_AUTOS = YES_AGGRESSIVE;
				GCC_WARN_UNUSED_FUNCTION = YES;
				GCC_WARN_UNUSED_VARIABLE = YES;
				IPHONEOS_DEPLOYMENT_TARGET = 8.4;
				MTL_ENABLE_DEBUG_INFO = NO;
				SDKROOT = iphoneos;
				VALIDATE_PRODUCT = YES;
			};
			name = Release;
		};
		4B656C411B526D8B0064C990 /* Debug */ = {
			isa = XCBuildConfiguration;
			buildSettings = {
				ASSETCATALOG_COMPILER_APPICON_NAME = AppIcon;
				INFOPLIST_FILE = BubbleTransition/Info.plist;
				IPHONEOS_DEPLOYMENT_TARGET = 7.0;
				LD_RUNPATH_SEARCH_PATHS = "$(inherited) @executable_path/Frameworks";
				PRODUCT_NAME = "$(TARGET_NAME)";
			};
			name = Debug;
		};
		4B656C421B526D8B0064C990 /* Release */ = {
			isa = XCBuildConfiguration;
			buildSettings = {
				ASSETCATALOG_COMPILER_APPICON_NAME = AppIcon;
				INFOPLIST_FILE = BubbleTransition/Info.plist;
				IPHONEOS_DEPLOYMENT_TARGET = 7.0;
				LD_RUNPATH_SEARCH_PATHS = "$(inherited) @executable_path/Frameworks";
				PRODUCT_NAME = "$(TARGET_NAME)";
			};
			name = Release;
		};
		4B656C441B526D8B0064C990 /* Debug */ = {
			isa = XCBuildConfiguration;
			buildSettings = {
				BUNDLE_LOADER = "$(TEST_HOST)";
				FRAMEWORK_SEARCH_PATHS = (
					"$(SDKROOT)/Developer/Library/Frameworks",
					"$(inherited)",
				);
				GCC_PREPROCESSOR_DEFINITIONS = (
					"DEBUG=1",
					"$(inherited)",
				);
				INFOPLIST_FILE = BubbleTransitionTests/Info.plist;
				LD_RUNPATH_SEARCH_PATHS = "$(inherited) @executable_path/Frameworks @loader_path/Frameworks";
				PRODUCT_NAME = "$(TARGET_NAME)";
				TEST_HOST = "$(BUILT_PRODUCTS_DIR)/BubbleTransition.app/BubbleTransition";
			};
			name = Debug;
		};
		4B656C451B526D8B0064C990 /* Release */ = {
			isa = XCBuildConfiguration;
			buildSettings = {
				BUNDLE_LOADER = "$(TEST_HOST)";
				FRAMEWORK_SEARCH_PATHS = (
					"$(SDKROOT)/Developer/Library/Frameworks",
					"$(inherited)",
				);
				INFOPLIST_FILE = BubbleTransitionTests/Info.plist;
				LD_RUNPATH_SEARCH_PATHS = "$(inherited) @executable_path/Frameworks @loader_path/Frameworks";
				PRODUCT_NAME = "$(TARGET_NAME)";
				TEST_HOST = "$(BUILT_PRODUCTS_DIR)/BubbleTransition.app/BubbleTransition";
			};
			name = Release;
		};
/* End XCBuildConfiguration section */

/* Begin XCConfigurationList section */
		4B656C151B526D8B0064C990 /* Build configuration list for PBXProject "BubbleTransition" */ = {
			isa = XCConfigurationList;
			buildConfigurations = (
				4B656C3E1B526D8B0064C990 /* Debug */,
				4B656C3F1B526D8B0064C990 /* Release */,
			);
			defaultConfigurationIsVisible = 0;
			defaultConfigurationName = Release;
		};
		4B656C401B526D8B0064C990 /* Build configuration list for PBXNativeTarget "BubbleTransition" */ = {
			isa = XCConfigurationList;
			buildConfigurations = (
				4B656C411B526D8B0064C990 /* Debug */,
				4B656C421B526D8B0064C990 /* Release */,
			);
			defaultConfigurationIsVisible = 0;
			defaultConfigurationName = Release;
		};
		4B656C431B526D8B0064C990 /* Build configuration list for PBXNativeTarget "BubbleTransitionTests" */ = {
			isa = XCConfigurationList;
			buildConfigurations = (
				4B656C441B526D8B0064C990 /* Debug */,
				4B656C451B526D8B0064C990 /* Release */,
			);
			defaultConfigurationIsVisible = 0;
			defaultConfigurationName = Release;
		};
/* End XCConfigurationList section */
	};
	rootObject = 4B656C121B526D8B0064C990 /* Project object */;
}
